// !$*UTF8*$!
{
	archiveVersion = 1;
	classes = {
	};
	objectVersion = 48;
	objects = {

/* Begin PBXBuildFile section */
		7530083420D8C53E0004DD00 /* AppDelegate.swift in Sources */ = {isa = PBXBuildFile; fileRef = 7530083320D8C53E0004DD00 /* AppDelegate.swift */; };
		7530083620D8C53E0004DD00 /* ViewController.swift in Sources */ = {isa = PBXBuildFile; fileRef = 7530083520D8C53E0004DD00 /* ViewController.swift */; };
		7530083920D8C53E0004DD00 /* Main.storyboard in Resources */ = {isa = PBXBuildFile; fileRef = 7530083720D8C53E0004DD00 /* Main.storyboard */; };
		7530083C20D8C53E0004DD00 /* ToDo_App_Like_Note_Swift4.xcdatamodeld in Sources */ = {isa = PBXBuildFile; fileRef = 7530083A20D8C53E0004DD00 /* ToDo_App_Like_Note_Swift4.xcdatamodeld */; };
		7530083E20D8C53E0004DD00 /* Assets.xcassets in Resources */ = {isa = PBXBuildFile; fileRef = 7530083D20D8C53E0004DD00 /* Assets.xcassets */; };
		7530084120D8C53E0004DD00 /* LaunchScreen.storyboard in Resources */ = {isa = PBXBuildFile; fileRef = 7530083F20D8C53E0004DD00 /* LaunchScreen.storyboard */; };
		7530084920D8C8390004DD00 /* NoteCreate.swift in Sources */ = {isa = PBXBuildFile; fileRef = 7530084820D8C8390004DD00 /* NoteCreate.swift */; };
		7530084B20D8C9A10004DD00 /* Constants.swift in Sources */ = {isa = PBXBuildFile; fileRef = 7530084A20D8C9A10004DD00 /* Constants.swift */; };
		7530084D20D8D13D0004DD00 /* read.swift in Sources */ = {isa = PBXBuildFile; fileRef = 7530084C20D8D13D0004DD00 /* read.swift */; };
/* End PBXBuildFile section */

/* Begin PBXFileReference section */
		7530083020D8C53E0004DD00 /* ToDo_App_Like_Note_Swift4.app */ = {isa = PBXFileReference; explicitFileType = wrapper.application; includeInIndex = 0; path = ToDo_App_Like_Note_Swift4.app; sourceTree = BUILT_PRODUCTS_DIR; };
		7530083320D8C53E0004DD00 /* AppDelegate.swift */ = {isa = PBXFileReference; lastKnownFileType = sourcecode.swift; path = AppDelegate.swift; sourceTree = "<group>"; };
		7530083520D8C53E0004DD00 /* ViewController.swift */ = {isa = PBXFileReference; lastKnownFileType = sourcecode.swift; path = ViewController.swift; sourceTree = "<group>"; };
		7530083820D8C53E0004DD00 /* Base */ = {isa = PBXFileReference; lastKnownFileType = file.storyboard; name = Base; path = Base.lproj/Main.storyboard; sourceTree = "<group>"; };
		7530083B20D8C53E0004DD00 /* ToDo_App_Like_Note_Swift4.xcdatamodel */ = {isa = PBXFileReference; lastKnownFileType = wrapper.xcdatamodel; path = ToDo_App_Like_Note_Swift4.xcdatamodel; sourceTree = "<group>"; };
		7530083D20D8C53E0004DD00 /* Assets.xcassets */ = {isa = PBXFileReference; lastKnownFileType = folder.assetcatalog; path = Assets.xcassets; sourceTree = "<group>"; };
		7530084020D8C53E0004DD00 /* Base */ = {isa = PBXFileReference; lastKnownFileType = file.storyboard; name = Base; path = Base.lproj/LaunchScreen.storyboard; sourceTree = "<group>"; };
		7530084220D8C53E0004DD00 /* Info.plist */ = {isa = PBXFileReference; lastKnownFileType = text.plist.xml; path = Info.plist; sourceTree = "<group>"; };
		7530084820D8C8390004DD00 /* NoteCreate.swift */ = {isa = PBXFileReference; lastKnownFileType = sourcecode.swift; path = NoteCreate.swift; sourceTree = "<group>"; };
		7530084A20D8C9A10004DD00 /* Constants.swift */ = {isa = PBXFileReference; lastKnownFileType = sourcecode.swift; path = Constants.swift; sourceTree = "<group>"; };
		7530084C20D8D13D0004DD00 /* read.swift */ = {isa = PBXFileReference; lastKnownFileType = sourcecode.swift; path = read.swift; sourceTree = "<group>"; };
/* End PBXFileReference section */

/* Begin PBXFrameworksBuildPhase section */
		7530082D20D8C53E0004DD00 /* Frameworks */ = {
			isa = PBXFrameworksBuildPhase;
			buildActionMask = 2147483647;
			files = (
			);
			runOnlyForDeploymentPostprocessing = 0;
		};
/* End PBXFrameworksBuildPhase section */

/* Begin PBXGroup section */
		7530082720D8C53E0004DD00 = {
			isa = PBXGroup;
			children = (
				7530083220D8C53E0004DD00 /* ToDo_App_Like_Note_Swift4 */,
				7530083120D8C53E0004DD00 /* Products */,
			);
			sourceTree = "<group>";
		};
		7530083120D8C53E0004DD00 /* Products */ = {
			isa = PBXGroup;
			children = (
				7530083020D8C53E0004DD00 /* ToDo_App_Like_Note_Swift4.app */,
			);
			name = Products;
			sourceTree = "<group>";
		};
		7530083220D8C53E0004DD00 /* ToDo_App_Like_Note_Swift4 */ = {
			isa = PBXGroup;
			children = (
				7530083320D8C53E0004DD00 /* AppDelegate.swift */,
				7530083520D8C53E0004DD00 /* ViewController.swift */,
				7530083720D8C53E0004DD00 /* Main.storyboard */,
				7530083D20D8C53E0004DD00 /* Assets.xcassets */,
				7530083F20D8C53E0004DD00 /* LaunchScreen.storyboard */,
				7530084220D8C53E0004DD00 /* Info.plist */,
				7530083A20D8C53E0004DD00 /* ToDo_App_Like_Note_Swift4.xcdatamodeld */,
				7530084820D8C8390004DD00 /* NoteCreate.swift */,
				7530084A20D8C9A10004DD00 /* Constants.swift */,
				7530084C20D8D13D0004DD00 /* read.swift */,
			);
			path = ToDo_App_Like_Note_Swift4;
			sourceTree = "<group>";
		};
/* End PBXGroup section */

/* Begin PBXNativeTarget section */
		7530082F20D8C53E0004DD00 /* ToDo_App_Like_Note_Swift4 */ = {
			isa = PBXNativeTarget;
			buildConfigurationList = 7530084520D8C53E0004DD00 /* Build configuration list for PBXNativeTarget "ToDo_App_Like_Note_Swift4" */;
			buildPhases = (
				7530082C20D8C53E0004DD00 /* Sources */,
				7530082D20D8C53E0004DD00 /* Frameworks */,
				7530082E20D8C53E0004DD00 /* Resources */,
			);
			buildRules = (
			);
			dependencies = (
			);
			name = ToDo_App_Like_Note_Swift4;
			productName = ToDo_App_Like_Note_Swift4;
			productReference = 7530083020D8C53E0004DD00 /* ToDo_App_Like_Note_Swift4.app */;
			productType = "com.apple.product-type.application";
		};
/* End PBXNativeTarget section */

/* Begin PBXProject section */
		7530082820D8C53E0004DD00 /* Project object */ = {
			isa = PBXProject;
			attributes = {
				LastSwiftUpdateCheck = 0920;
				LastUpgradeCheck = 0920;
				ORGANIZATIONNAME = "DeEp KapaDia";
				TargetAttributes = {
					7530082F20D8C53E0004DD00 = {
						CreatedOnToolsVersion = 9.2;
						ProvisioningStyle = Automatic;
					};
				};
			};
			buildConfigurationList = 7530082B20D8C53E0004DD00 /* Build configuration list for PBXProject "ToDo_App_Like_Note_Swift4" */;
			compatibilityVersion = "Xcode 8.0";
			developmentRegion = en;
			hasScannedForEncodings = 0;
			knownRegions = (
				en,
				Base,
			);
			mainGroup = 7530082720D8C53E0004DD00;
			productRefGroup = 7530083120D8C53E0004DD00 /* Products */;
			projectDirPath = "";
			projectRoot = "";
			targets = (
				7530082F20D8C53E0004DD00 /* ToDo_App_Like_Note_Swift4 */,
			);
		};
/* End PBXProject section */

/* Begin PBXResourcesBuildPhase section */
		7530082E20D8C53E0004DD00 /* Resources */ = {
			isa = PBXResourcesBuildPhase;
			buildActionMask = 2147483647;
			files = (
				7530084120D8C53E0004DD00 /* LaunchScreen.storyboard in Resources */,
				7530083E20D8C53E0004DD00 /* Assets.xcassets in Resources */,
				7530083920D8C53E0004DD00 /* Main.storyboard in Resources */,
			);
			runOnlyForDeploymentPostprocessing = 0;
		};
/* End PBXResourcesBuildPhase section */

/* Begin PBXSourcesBuildPhase section */
		7530082C20D8C53E0004DD00 /* Sources */ = {
			isa = PBXSourcesBuildPhase;
			buildActionMask = 2147483647;
			files = (
				7530084B20D8C9A10004DD00 /* Constants.swift in Sources */,
				7530084D20D8D13D0004DD00 /* read.swift in Sources */,
				7530083C20D8C53E0004DD00 /* ToDo_App_Like_Note_Swift4.xcdatamodeld in Sources */,
				7530084920D8C8390004DD00 /* NoteCreate.swift in Sources */,
				7530083620D8C53E0004DD00 /* ViewController.swift in Sources */,
				7530083420D8C53E0004DD00 /* AppDelegate.swift in Sources */,
			);
			runOnlyForDeploymentPostprocessing = 0;
		};
/* End PBXSourcesBuildPhase section */

/* Begin PBXVariantGroup section */
		7530083720D8C53E0004DD00 /* Main.storyboard */ = {
			isa = PBXVariantGroup;
			children = (
				7530083820D8C53E0004DD00 /* Base */,
			);
			name = Main.storyboard;
			sourceTree = "<group>";
		};
		7530083F20D8C53E0004DD00 /* LaunchScreen.storyboard */ = {
			isa = PBXVariantGroup;
			children = (
				7530084020D8C53E0004DD00 /* Base */,
			);
			name = LaunchScreen.storyboard;
			sourceTree = "<group>";
		};
/* End PBXVariantGroup section */

/* Begin XCBuildConfiguration section */
		7530084320D8C53E0004DD00 /* Debug */ = {
			isa = XCBuildConfiguration;
			buildSettings = {
				ALWAYS_SEARCH_USER_PATHS = NO;
				CLANG_ANALYZER_NONNULL = YES;
				CLANG_ANALYZER_NUMBER_OBJECT_CONVERSION = YES_AGGRESSIVE;
				CLANG_CXX_LANGUAGE_STANDARD = "gnu++14";
				CLANG_CXX_LIBRARY = "libc++";
				CLANG_ENABLE_MODULES = YES;
				CLANG_ENABLE_OBJC_ARC = YES;
				CLANG_WARN_BLOCK_CAPTURE_AUTORELEASING = YES;
				CLANG_WARN_BOOL_CONVERSION = YES;
				CLANG_WARN_COMMA = YES;
				CLANG_WARN_CONSTANT_CONVERSION = YES;
				CLANG_WARN_DIRECT_OBJC_ISA_USAGE = YES_ERROR;
				CLANG_WARN_DOCUMENTATION_COMMENTS = YES;
				CLANG_WARN_EMPTY_BODY = YES;
				CLANG_WARN_ENUM_CONVERSION = YES;
				CLANG_WARN_INFINITE_RECURSION = YES;
				CLANG_WARN_INT_CONVERSION = YES;
				CLANG_WARN_NON_LITERAL_NULL_CONVERSION = YES;
				CLANG_WARN_OBJC_LITERAL_CONVERSION = YES;
				CLANG_WARN_OBJC_ROOT_CLASS = YES_ERROR;
				CLANG_WARN_RANGE_LOOP_ANALYSIS = YES;
				CLANG_WARN_STRICT_PROTOTYPES = YES;
				CLANG_WARN_SUSPICIOUS_MOVE = YES;
				CLANG_WARN_UNGUARDED_AVAILABILITY = YES_AGGRESSIVE;
				CLANG_WARN_UNREACHABLE_CODE = YES;
				CLANG_WARN__DUPLICATE_METHOD_MATCH = YES;
				CODE_SIGN_IDENTITY = "iPhone Developer";
				COPY_PHASE_STRIP = NO;
				DEBUG_INFORMATION_FORMAT = dwarf;
				ENABLE_STRICT_OBJC_MSGSEND = YES;
				ENABLE_TESTABILITY = YES;
				GCC_C_LANGUAGE_STANDARD = gnu11;
				GCC_DYNAMIC_NO_PIC = NO;
				GCC_NO_COMMON_BLOCKS = YES;
				GCC_OPTIMIZATION_LEVEL = 0;
				GCC_PREPROCESSOR_DEFINITIONS = (
					"DEBUG=1",
					"$(inherited)",
				);
				GCC_WARN_64_TO_32_BIT_CONVERSION = YES;
				GCC_WARN_ABOUT_RETURN_TYPE = YES_ERROR;
				GCC_WARN_UNDECLARED_SELECTOR = YES;
				GCC_WARN_UNINITIALIZED_AUTOS = YES_AGGRESSIVE;
				GCC_WARN_UNUSED_FUNCTION = YES;
				GCC_WARN_UNUSED_VARIABLE = YES;
				IPHONEOS_DEPLOYMENT_TARGET = 11.2;
				MTL_ENABLE_DEBUG_INFO = YES;
				ONLY_ACTIVE_ARCH = YES;
				SDKROOT = iphoneos;
				SWIFT_ACTIVE_COMPILATION_CONDITIONS = DEBUG;
				SWIFT_OPTIMIZATION_LEVEL = "-Onone";
			};
			name = Debug;
		};
		7530084420D8C53E0004DD00 /* Release */ = {
			isa = XCBuildConfiguration;
			buildSettings = {
				ALWAYS_SEARCH_USER_PATHS = NO;
				CLANG_ANALYZER_NONNULL = YES;
				CLANG_ANALYZER_NUMBER_OBJECT_CONVERSION = YES_AGGRESSIVE;
				CLANG_CXX_LANGUAGE_STANDARD = "gnu++14";
				CLANG_CXX_LIBRARY = "libc++";
				CLANG_ENABLE_MODULES = YES;
				CLANG_ENABLE_OBJC_ARC = YES;
				CLANG_WARN_BLOCK_CAPTURE_AUTORELEASING = YES;
				CLANG_WARN_BOOL_CONVERSION = YES;
				CLANG_WARN_COMMA = YES;
				CLANG_WARN_CONSTANT_CONVERSION = YES;
				CLANG_WARN_DIRECT_OBJC_ISA_USAGE = YES_ERROR;
				CLANG_WARN_DOCUMENTATION_COMMENTS = YES;
				CLANG_WARN_EMPTY_BODY = YES;
				CLANG_WARN_ENUM_CONVERSION = YES;
				CLANG_WARN_INFINITE_RECURSION = YES;
				CLANG_WARN_INT_CONVERSION = YES;
				CLANG_WARN_NON_LITERAL_NULL_CONVERSION = YES;
				CLANG_WARN_OBJC_LITERAL_CONVERSION = YES;
				CLANG_WARN_OBJC_ROOT_CLASS = YES_ERROR;
				CLANG_WARN_RANGE_LOOP_ANALYSIS = YES;
				CLANG_WARN_STRICT_PROTOTYPES = YES;
				CLANG_WARN_SUSPICIOUS_MOVE = YES;
				CLANG_WARN_UNGUARDED_AVAILABILITY = YES_AGGRESSIVE;
				CLANG_WARN_UNREACHABLE_CODE = YES;
				CLANG_WARN__DUPLICATE_METHOD_MATCH = YES;
				CODE_SIGN_IDENTITY = "iPhone Developer";
				COPY_PHASE_STRIP = NO;
				DEBUG_INFORMATION_FORMAT = "dwarf-with-dsym";
				ENABLE_NS_ASSERTIONS = NO;
				ENABLE_STRICT_OBJC_MSGSEND = YES;
				GCC_C_LANGUAGE_STANDARD = gnu11;
				GCC_NO_COMMON_BLOCKS = YES;
				GCC_WARN_64_TO_32_BIT_CONVERSION = YES;
				GCC_WARN_ABOUT_RETURN_TYPE = YES_ERROR;
				GCC_WARN_UNDECLARED_SELECTOR = YES;
				GCC_WARN_UNINITIALIZED_AUTOS = YES_AGGRESSIVE;
				GCC_WARN_UNUSED_FUNCTION = YES;
				GCC_WARN_UNUSED_VARIABLE = YES;
				IPHONEOS_DEPLOYMENT_TARGET = 11.2;
				MTL_ENABLE_DEBUG_INFO = NO;
				SDKROOT = iphoneos;
				SWIFT_OPTIMIZATION_LEVEL = "-Owholemodule";
				VALIDATE_PRODUCT = YES;
			};
			name = Release;
		};
		7530084620D8C53E0004DD00 /* Debug */ = {
			isa = XCBuildConfiguration;
			buildSettings = {
				ASSETCATALOG_COMPILER_APPICON_NAME = AppIcon;
				CODE_SIGN_STYLE = Automatic;
				INFOPLIST_FILE = ToDo_App_Like_Note_Swift4/Info.plist;
				LD_RUNPATH_SEARCH_PATHS = "$(inherited) @executable_path/Frameworks";
				PRODUCT_BUNDLE_IDENTIFIER = "Project.ToDo-App-Like-Note-Swift4";
				PRODUCT_NAME = "$(TARGET_NAME)";
				SWIFT_VERSION = 4.0;
				TARGETED_DEVICE_FAMILY = "1,2";
			};
			name = Debug;
		};
		7530084720D8C53E0004DD00 /* Release */ = {
			isa = XCBuildConfiguration;
			buildSettings = {
				ASSETCATALOG_COMPILER_APPICON_NAME = AppIcon;
				CODE_SIGN_STYLE = Automatic;
				INFOPLIST_FILE = ToDo_App_Like_Note_Swift4/Info.plist;
				LD_RUNPATH_SEARCH_PATHS = "$(inherited) @executable_path/Frameworks";
				PRODUCT_BUNDLE_IDENTIFIER = "Project.ToDo-App-Like-Note-Swift4";
				PRODUCT_NAME = "$(TARGET_NAME)";
				SWIFT_VERSION = 4.0;
				TARGETED_DEVICE_FAMILY = "1,2";
			};
			name = Release;
		};
/* End XCBuildConfiguration section */

/* Begin XCConfigurationList section */
		7530082B20D8C53E0004DD00 /* Build configuration list for PBXProject "ToDo_App_Like_Note_Swift4" */ = {
			isa = XCConfigurationList;
			buildConfigurations = (
				7530084320D8C53E0004DD00 /* Debug */,
				7530084420D8C53E0004DD00 /* Release */,
			);
			defaultConfigurationIsVisible = 0;
			defaultConfigurationName = Release;
		};
		7530084520D8C53E0004DD00 /* Build configuration list for PBXNativeTarget "ToDo_App_Like_Note_Swift4" */ = {
			isa = XCConfigurationList;
			buildConfigurations = (
				7530084620D8C53E0004DD00 /* Debug */,
				7530084720D8C53E0004DD00 /* Release */,
			);
			defaultConfigurationIsVisible = 0;
			defaultConfigurationName = Release;
		};
/* End XCConfigurationList section */

/* Begin XCVersionGroup section */
		7530083A20D8C53E0004DD00 /* ToDo_App_Like_Note_Swift4.xcdatamodeld */ = {
			isa = XCVersionGroup;
			children = (
				7530083B20D8C53E0004DD00 /* ToDo_App_Like_Note_Swift4.xcdatamodel */,
			);
			currentVersion = 7530083B20D8C53E0004DD00 /* ToDo_App_Like_Note_Swift4.xcdatamodel */;
			path = ToDo_App_Like_Note_Swift4.xcdatamodeld;
			sourceTree = "<group>";
			versionGroupType = wrapper.xcdatamodel;
		};
/* End XCVersionGroup section */
	};
	rootObject = 7530082820D8C53E0004DD00 /* Project object */;
}
